{
  "name": "tapable",
  "version": "1.0.0",
  "lockfileVersion": 3,
  "requires": true,
  "packages": {
    "": {
      "name": "tapable",
      "version": "1.0.0",
      "license": "ISC",
      "dependencies": {
        "tapable": "^2.2.2"
      }
    },
    "node_modules/tapable": {
      "version": "2.2.2",
      "resolved": "https://registry.npmjs.org/tapable/-/tapable-2.2.2.tgz",
      "integrity": "sha512-Re10+NauLTMCudc7T5WLFLAwDhQ0JWdrMK+9B2M8zR5hRExKmsRDCBA7/aV/pNJFltmBFO5BAMlQFi/vq3nKOg==",
      "license": "MIT",
      "engines": {
        "node": ">=6"
      }
    }
  }
}
