github.com/axgle/mahonia v0.0.0-20180208002826-3358181d7394 h1:OYA+5W64v3OgClL+IrOD63t4i/RW7RqrAVl9LTZ9UqQ=
github.com/axgle/mahonia v0.0.0-20180208002826-3358181d7394/go.mod h1:Q8n74mJTIgjX4RBBcHnJ05h//6/k6foqmgE45jTQtxg=
github.com/henrylee2cn/mahonia v0.0.0-20150715080413-be6deb105fbc h1:mH+seZRyUDSGtOVwGdpuR9q29hEfwa+sBUbHk9yzDnY=
github.com/henrylee2cn/mahonia v0.0.0-20150715080413-be6deb105fbc/go.mod h1:eYbwyON5ycQikvQgxsqfizs1JbhOT4ptjr+Sm+W+3/w=
github.com/scottkiss/grtm v0.0.0-20151009105840-1c69ec29e5b2/go.mod h1:NNbGtn1IQBVpUM3RyHaK+i2DF6DX/9C3rB9xhFAk+ko=
